
Microsoft Visual Studio Solution File, Format Version 12.00
# Visual Studio 14
VisualStudioVersion = 14.0.25420.1
MinimumVisualStudioVersion = 10.0.40219.1
Project("{FAE04EC0-301F-11D3-BF4B-00C04F79EFBC}") = "TankerUserToken", "TankerUserToken\TankerUserToken.csproj", "{BA1338AE-8385-4067-BBE8-A6462D8C666A}"
EndProject
Project("{FAE04EC0-301F-11D3-BF4B-00C04F79EFBC}") = "UserTokenTest", "UserTokenTest\UserTokenTest.csproj", "{03A95BFE-7C51-4856-95BB-77845F2FCAC3}"
	ProjectSection(ProjectDependencies) = postProject
		{BA1338AE-8385-4067-BBE8-A6462D8C666A} = {BA1338AE-8385-4067-BBE8-A6462D8C666A}
	EndProjectSection
EndProject
Global
	GlobalSection(SolutionConfigurationPlatforms) = preSolution
		Debug|Any CPU = Debug|Any CPU
		Release|Any CPU = Release|Any CPU
	EndGlobalSection
	GlobalSection(ProjectConfigurationPlatforms) = postSolution
		{BA1338AE-8385-4067-BBE8-A6462D8C666A}.Debug|Any CPU.ActiveCfg = Debug|Any CPU
		{BA1338AE-8385-4067-BBE8-A6462D8C666A}.Debug|Any CPU.Build.0 = Debug|Any CPU
		{BA1338AE-8385-4067-BBE8-A6462D8C666A}.Release|Any CPU.ActiveCfg = Release|Any CPU
		{BA1338AE-8385-4067-BBE8-A6462D8C666A}.Release|Any CPU.Build.0 = Release|Any CPU
		{03A95BFE-7C51-4856-95BB-77845F2FCAC3}.Debug|Any CPU.ActiveCfg = Debug|Any CPU
		{03A95BFE-7C51-4856-95BB-77845F2FCAC3}.Debug|Any CPU.Build.0 = Debug|Any CPU
		{03A95BFE-7C51-4856-95BB-77845F2FCAC3}.Release|Any CPU.ActiveCfg = Release|Any CPU
		{03A95BFE-7C51-4856-95BB-77845F2FCAC3}.Release|Any CPU.Build.0 = Release|Any CPU
	EndGlobalSection
	GlobalSection(SolutionProperties) = preSolution
		HideSolutionNode = FALSE
	EndGlobalSection
EndGlobal
